// !$*UTF8*$!
{
	archiveVersion = 1;
	classes = {
	};
	objectVersion = 55;
	objects = {

/* Begin PBXBuildFile section */
		15526548288FFECF0063EB98 /* CardView.swift in Sources */ = {isa = PBXBuildFile; fileRef = 15526547288FFECF0063EB98 /* CardView.swift */; };
		15610F4A288A6D160031A3C9 /* NC2App.swift in Sources */ = {isa = PBXBuildFile; fileRef = 15610F49288A6D160031A3C9 /* NC2App.swift */; };
		15610F4C288A6D160031A3C9 /* DeckView.swift in Sources */ = {isa = PBXBuildFile; fileRef = 15610F4B288A6D160031A3C9 /* DeckView.swift */; };
		15610F4E288A6D160031A3C9 /* Assets.xcassets in Resources */ = {isa = PBXBuildFile; fileRef = 15610F4D288A6D160031A3C9 /* Assets.xcassets */; };
		15610F51288A6D160031A3C9 /* Preview Assets.xcassets in Resources */ = {isa = PBXBuildFile; fileRef = 15610F50288A6D160031A3C9 /* Preview Assets.xcassets */; };
		15610F59288A6D400031A3C9 /* ContentModel.xcdatamodeld in Sources */ = {isa = PBXBuildFile; fileRef = 15610F57288A6D400031A3C9 /* ContentModel.xcdatamodeld */; };
		15610F5B288A9EE60031A3C9 /* SpellingView.swift in Sources */ = {isa = PBXBuildFile; fileRef = 15610F5A288A9EE60031A3C9 /* SpellingView.swift */; };
		15610F64288AB0A30031A3C9 /* Card+CoreDataClass.swift in Sources */ = {isa = PBXBuildFile; fileRef = 15610F60288AB0A30031A3C9 /* Card+CoreDataClass.swift */; };
		15610F65288AB0A30031A3C9 /* Card+CoreDataProperties.swift in Sources */ = {isa = PBXBuildFile; fileRef = 15610F61288AB0A30031A3C9 /* Card+CoreDataProperties.swift */; };
		15610F66288AB0A30031A3C9 /* Deck+CoreDataClass.swift in Sources */ = {isa = PBXBuildFile; fileRef = 15610F62288AB0A30031A3C9 /* Deck+CoreDataClass.swift */; };
		15610F67288AB0A30031A3C9 /* Deck+CoreDataProperties.swift in Sources */ = {isa = PBXBuildFile; fileRef = 15610F63288AB0A30031A3C9 /* Deck+CoreDataProperties.swift */; };
		15610F6A288AB1A90031A3C9 /* contentData.swift in Sources */ = {isa = PBXBuildFile; fileRef = 15610F69288AB1A90031A3C9 /* contentData.swift */; };
/* End PBXBuildFile section */

/* Begin PBXFileReference section */
		15526547288FFECF0063EB98 /* CardView.swift */ = {isa = PBXFileReference; lastKnownFileType = sourcecode.swift; path = CardView.swift; sourceTree = "<group>"; };
		15610F46288A6D160031A3C9 /* NC2.app */ = {isa = PBXFileReference; explicitFileType = wrapper.application; includeInIndex = 0; path = NC2.app; sourceTree = BUILT_PRODUCTS_DIR; };
		15610F49288A6D160031A3C9 /* NC2App.swift */ = {isa = PBXFileReference; lastKnownFileType = sourcecode.swift; path = NC2App.swift; sourceTree = "<group>"; };
		15610F4B288A6D160031A3C9 /* DeckView.swift */ = {isa = PBXFileReference; lastKnownFileType = sourcecode.swift; path = DeckView.swift; sourceTree = "<group>"; };
		15610F4D288A6D160031A3C9 /* Assets.xcassets */ = {isa = PBXFileReference; lastKnownFileType = folder.assetcatalog; path = Assets.xcassets; sourceTree = "<group>"; };
		15610F50288A6D160031A3C9 /* Preview Assets.xcassets */ = {isa = PBXFileReference; lastKnownFileType = folder.assetcatalog; path = "Preview Assets.xcassets"; sourceTree = "<group>"; };
		15610F58288A6D400031A3C9 /* ContentModel.xcdatamodel */ = {isa = PBXFileReference; lastKnownFileType = wrapper.xcdatamodel; path = ContentModel.xcdatamodel; sourceTree = "<group>"; };
		15610F5A288A9EE60031A3C9 /* SpellingView.swift */ = {isa = PBXFileReference; lastKnownFileType = sourcecode.swift; path = SpellingView.swift; sourceTree = "<group>"; };
		15610F60288AB0A30031A3C9 /* Card+CoreDataClass.swift */ = {isa = PBXFileReference; lastKnownFileType = sourcecode.swift; path = "Card+CoreDataClass.swift"; sourceTree = "<group>"; };
		15610F61288AB0A30031A3C9 /* Card+CoreDataProperties.swift */ = {isa = PBXFileReference; lastKnownFileType = sourcecode.swift; path = "Card+CoreDataProperties.swift"; sourceTree = "<group>"; };
		15610F62288AB0A30031A3C9 /* Deck+CoreDataClass.swift */ = {isa = PBXFileReference; lastKnownFileType = sourcecode.swift; path = "Deck+CoreDataClass.swift"; sourceTree = "<group>"; };
		15610F63288AB0A30031A3C9 /* Deck+CoreDataProperties.swift */ = {isa = PBXFileReference; lastKnownFileType = sourcecode.swift; path = "Deck+CoreDataProperties.swift"; sourceTree = "<group>"; };
		15610F69288AB1A90031A3C9 /* contentData.swift */ = {isa = PBXFileReference; lastKnownFileType = sourcecode.swift; path = contentData.swift; sourceTree = "<group>"; };
/* End PBXFileReference section */

/* Begin PBXFrameworksBuildPhase section */
		15610F43288A6D160031A3C9 /* Frameworks */ = {
			isa = PBXFrameworksBuildPhase;
			buildActionMask = 2147483647;
			files = (
			);
			runOnlyForDeploymentPostprocessing = 0;
		};
/* End PBXFrameworksBuildPhase section */

/* Begin PBXGroup section */
		15610F3D288A6D160031A3C9 = {
			isa = PBXGroup;
			children = (
				15610F48288A6D160031A3C9 /* NC2 */,
				15610F47288A6D160031A3C9 /* Products */,
			);
			sourceTree = "<group>";
		};
		15610F47288A6D160031A3C9 /* Products */ = {
			isa = PBXGroup;
			children = (
				15610F46288A6D160031A3C9 /* NC2.app */,
			);
			name = Products;
			sourceTree = "<group>";
		};
		15610F48288A6D160031A3C9 /* NC2 */ = {
			isa = PBXGroup;
			children = (
				15610F68288AB0B60031A3C9 /* Models */,
				15610F49288A6D160031A3C9 /* NC2App.swift */,
				15610F4B288A6D160031A3C9 /* DeckView.swift */,
				15526547288FFECF0063EB98 /* CardView.swift */,
				15610F5A288A9EE60031A3C9 /* SpellingView.swift */,
				15610F4D288A6D160031A3C9 /* Assets.xcassets */,
				15610F4F288A6D160031A3C9 /* Preview Content */,
				15610F57288A6D400031A3C9 /* ContentModel.xcdatamodeld */,
			);
			path = NC2;
			sourceTree = "<group>";
		};
		15610F4F288A6D160031A3C9 /* Preview Content */ = {
			isa = PBXGroup;
			children = (
				15610F50288A6D160031A3C9 /* Preview Assets.xcassets */,
			);
			path = "Preview Content";
			sourceTree = "<group>";
		};
		15610F68288AB0B60031A3C9 /* Models */ = {
			isa = PBXGroup;
			children = (
				15610F60288AB0A30031A3C9 /* Card+CoreDataClass.swift */,
				15610F61288AB0A30031A3C9 /* Card+CoreDataProperties.swift */,
				15610F63288AB0A30031A3C9 /* Deck+CoreDataProperties.swift */,
				15610F62288AB0A30031A3C9 /* Deck+CoreDataClass.swift */,
				15610F69288AB1A90031A3C9 /* contentData.swift */,
			);
			path = Models;
			sourceTree = "<group>";
		};
/* End PBXGroup section */

/* Begin PBXNativeTarget section */
		15610F45288A6D160031A3C9 /* NC2 */ = {
			isa = PBXNativeTarget;
			buildConfigurationList = 15610F54288A6D160031A3C9 /* Build configuration list for PBXNativeTarget "NC2" */;
			buildPhases = (
				15610F42288A6D160031A3C9 /* Sources */,
				15610F43288A6D160031A3C9 /* Frameworks */,
				15610F44288A6D160031A3C9 /* Resources */,
			);
			buildRules = (
			);
			dependencies = (
			);
			name = NC2;
			productName = NC2;
			productReference = 15610F46288A6D160031A3C9 /* NC2.app */;
			productType = "com.apple.product-type.application";
		};
/* End PBXNativeTarget section */

/* Begin PBXProject section */
		15610F3E288A6D160031A3C9 /* Project object */ = {
			isa = PBXProject;
			attributes = {
				BuildIndependentTargetsInParallel = 1;
				LastSwiftUpdateCheck = 1330;
				LastUpgradeCheck = 1330;
				TargetAttributes = {
					15610F45288A6D160031A3C9 = {
						CreatedOnToolsVersion = 13.3;
					};
				};
			};
			buildConfigurationList = 15610F41288A6D160031A3C9 /* Build configuration list for PBXProject "NC2" */;
			compatibilityVersion = "Xcode 13.0";
			developmentRegion = en;
			hasScannedForEncodings = 0;
			knownRegions = (
				en,
				Base,
			);
			mainGroup = 15610F3D288A6D160031A3C9;
			productRefGroup = 15610F47288A6D160031A3C9 /* Products */;
			projectDirPath = "";
			projectRoot = "";
			targets = (
				15610F45288A6D160031A3C9 /* NC2 */,
			);
		};
/* End PBXProject section */

/* Begin PBXResourcesBuildPhase section */
		15610F44288A6D160031A3C9 /* Resources */ = {
			isa = PBXResourcesBuildPhase;
			buildActionMask = 2147483647;
			files = (
				15610F51288A6D160031A3C9 /* Preview Assets.xcassets in Resources */,
				15610F4E288A6D160031A3C9 /* Assets.xcassets in Resources */,
			);
			runOnlyForDeploymentPostprocessing = 0;
		};
/* End PBXResourcesBuildPhase section */

/* Begin PBXSourcesBuildPhase section */
		15610F42288A6D160031A3C9 /* Sources */ = {
			isa = PBXSourcesBuildPhase;
			buildActionMask = 2147483647;
			files = (
				15610F65288AB0A30031A3C9 /* Card+CoreDataProperties.swift in Sources */,
				15610F59288A6D400031A3C9 /* ContentModel.xcdatamodeld in Sources */,
				15610F4C288A6D160031A3C9 /* DeckView.swift in Sources */,
				15610F64288AB0A30031A3C9 /* Card+CoreDataClass.swift in Sources */,
				15526548288FFECF0063EB98 /* CardView.swift in Sources */,
				15610F5B288A9EE60031A3C9 /* SpellingView.swift in Sources */,
				15610F66288AB0A30031A3C9 /* Deck+CoreDataClass.swift in Sources */,
				15610F6A288AB1A90031A3C9 /* contentData.swift in Sources */,
				15610F67288AB0A30031A3C9 /* Deck+CoreDataProperties.swift in Sources */,
				15610F4A288A6D160031A3C9 /* NC2App.swift in Sources */,
			);
			runOnlyForDeploymentPostprocessing = 0;
		};
/* End PBXSourcesBuildPhase section */

/* Begin XCBuildConfiguration section */
		15610F52288A6D160031A3C9 /* Debug */ = {
			isa = XCBuildConfiguration;
			buildSettings = {
				ALWAYS_SEARCH_USER_PATHS = NO;
				CLANG_ANALYZER_NONNULL = YES;
				CLANG_ANALYZER_NUMBER_OBJECT_CONVERSION = YES_AGGRESSIVE;
				CLANG_CXX_LANGUAGE_STANDARD = "gnu++17";
				CLANG_ENABLE_MODULES = YES;
				CLANG_ENABLE_OBJC_ARC = YES;
				CLANG_ENABLE_OBJC_WEAK = YES;
				CLANG_WARN_BLOCK_CAPTURE_AUTORELEASING = YES;
				CLANG_WARN_BOOL_CONVERSION = YES;
				CLANG_WARN_COMMA = YES;
				CLANG_WARN_CONSTANT_CONVERSION = YES;
				CLANG_WARN_DEPRECATED_OBJC_IMPLEMENTATIONS = YES;
				CLANG_WARN_DIRECT_OBJC_ISA_USAGE = YES_ERROR;
				CLANG_WARN_DOCUMENTATION_COMMENTS = YES;
				CLANG_WARN_EMPTY_BODY = YES;
				CLANG_WARN_ENUM_CONVERSION = YES;
				CLANG_WARN_INFINITE_RECURSION = YES;
				CLANG_WARN_INT_CONVERSION = YES;
				CLANG_WARN_NON_LITERAL_NULL_CONVERSION = YES;
				CLANG_WARN_OBJC_IMPLICIT_RETAIN_SELF = YES;
				CLANG_WARN_OBJC_LITERAL_CONVERSION = YES;
				CLANG_WARN_OBJC_ROOT_CLASS = YES_ERROR;
				CLANG_WARN_QUOTED_INCLUDE_IN_FRAMEWORK_HEADER = YES;
				CLANG_WARN_RANGE_LOOP_ANALYSIS = YES;
				CLANG_WARN_STRICT_PROTOTYPES = YES;
				CLANG_WARN_SUSPICIOUS_MOVE = YES;
				CLANG_WARN_UNGUARDED_AVAILABILITY = YES_AGGRESSIVE;
				CLANG_WARN_UNREACHABLE_CODE = YES;
				CLANG_WARN__DUPLICATE_METHOD_MATCH = YES;
				COPY_PHASE_STRIP = NO;
				DEBUG_INFORMATION_FORMAT = dwarf;
				ENABLE_STRICT_OBJC_MSGSEND = YES;
				ENABLE_TESTABILITY = YES;
				GCC_C_LANGUAGE_STANDARD = gnu11;
				GCC_DYNAMIC_NO_PIC = NO;
				GCC_NO_COMMON_BLOCKS = YES;
				GCC_OPTIMIZATION_LEVEL = 0;
				GCC_PREPROCESSOR_DEFINITIONS = (
					"DEBUG=1",
					"$(inherited)",
				);
				GCC_WARN_64_TO_32_BIT_CONVERSION = YES;
				GCC_WARN_ABOUT_RETURN_TYPE = YES_ERROR;
				GCC_WARN_UNDECLARED_SELECTOR = YES;
				GCC_WARN_UNINITIALIZED_AUTOS = YES_AGGRESSIVE;
				GCC_WARN_UNUSED_FUNCTION = YES;
				GCC_WARN_UNUSED_VARIABLE = YES;
				IPHONEOS_DEPLOYMENT_TARGET = 15.4;
				MTL_ENABLE_DEBUG_INFO = INCLUDE_SOURCE;
				MTL_FAST_MATH = YES;
				ONLY_ACTIVE_ARCH = YES;
				SDKROOT = iphoneos;
				SWIFT_ACTIVE_COMPILATION_CONDITIONS = DEBUG;
				SWIFT_OPTIMIZATION_LEVEL = "-Onone";
			};
			name = Debug;
		};
		15610F53288A6D160031A3C9 /* Release */ = {
			isa = XCBuildConfiguration;
			buildSettings = {
				ALWAYS_SEARCH_USER_PATHS = NO;
				CLANG_ANALYZER_NONNULL = YES;
				CLANG_ANALYZER_NUMBER_OBJECT_CONVERSION = YES_AGGRESSIVE;
				CLANG_CXX_LANGUAGE_STANDARD = "gnu++17";
				CLANG_ENABLE_MODULES = YES;
				CLANG_ENABLE_OBJC_ARC = YES;
				CLANG_ENABLE_OBJC_WEAK = YES;
				CLANG_WARN_BLOCK_CAPTURE_AUTORELEASING = YES;
				CLANG_WARN_BOOL_CONVERSION = YES;
				CLANG_WARN_COMMA = YES;
				CLANG_WARN_CONSTANT_CONVERSION = YES;
				CLANG_WARN_DEPRECATED_OBJC_IMPLEMENTATIONS = YES;
				CLANG_WARN_DIRECT_OBJC_ISA_USAGE = YES_ERROR;
				CLANG_WARN_DOCUMENTATION_COMMENTS = YES;
				CLANG_WARN_EMPTY_BODY = YES;
				CLANG_WARN_ENUM_CONVERSION = YES;
				CLANG_WARN_INFINITE_RECURSION = YES;
				CLANG_WARN_INT_CONVERSION = YES;
				CLANG_WARN_NON_LITERAL_NULL_CONVERSION = YES;
				CLANG_WARN_OBJC_IMPLICIT_RETAIN_SELF = YES;
				CLANG_WARN_OBJC_LITERAL_CONVERSION = YES;
				CLANG_WARN_OBJC_ROOT_CLASS = YES_ERROR;
				CLANG_WARN_QUOTED_INCLUDE_IN_FRAMEWORK_HEADER = YES;
				CLANG_WARN_RANGE_LOOP_ANALYSIS = YES;
				CLANG_WARN_STRICT_PROTOTYPES = YES;
				CLANG_WARN_SUSPICIOUS_MOVE = YES;
				CLANG_WARN_UNGUARDED_AVAILABILITY = YES_AGGRESSIVE;
				CLANG_WARN_UNREACHABLE_CODE = YES;
				CLANG_WARN__DUPLICATE_METHOD_MATCH = YES;
				COPY_PHASE_STRIP = NO;
				DEBUG_INFORMATION_FORMAT = "dwarf-with-dsym";
				ENABLE_NS_ASSERTIONS = NO;
				ENABLE_STRICT_OBJC_MSGSEND = YES;
				GCC_C_LANGUAGE_STANDARD = gnu11;
				GCC_NO_COMMON_BLOCKS = YES;
				GCC_WARN_64_TO_32_BIT_CONVERSION = YES;
				GCC_WARN_ABOUT_RETURN_TYPE = YES_ERROR;
				GCC_WARN_UNDECLARED_SELECTOR = YES;
				GCC_WARN_UNINITIALIZED_AUTOS = YES_AGGRESSIVE;
				GCC_WARN_UNUSED_FUNCTION = YES;
				GCC_WARN_UNUSED_VARIABLE = YES;
				IPHONEOS_DEPLOYMENT_TARGET = 15.4;
				MTL_ENABLE_DEBUG_INFO = NO;
				MTL_FAST_MATH = YES;
				SDKROOT = iphoneos;
				SWIFT_COMPILATION_MODE = wholemodule;
				SWIFT_OPTIMIZATION_LEVEL = "-O";
				VALIDATE_PRODUCT = YES;
			};
			name = Release;
		};
		15610F55288A6D160031A3C9 /* Debug */ = {
			isa = XCBuildConfiguration;
			buildSettings = {
				ASSETCATALOG_COMPILER_APPICON_NAME = AppIcon;
				ASSETCATALOG_COMPILER_GLOBAL_ACCENT_COLOR_NAME = AccentColor;
				CODE_SIGN_STYLE = Automatic;
				CURRENT_PROJECT_VERSION = 1;
				DEVELOPMENT_ASSET_PATHS = "\"NC2/Preview Content\"";
				DEVELOPMENT_TEAM = BX9VA5G2BF;
				ENABLE_PREVIEWS = YES;
				GENERATE_INFOPLIST_FILE = YES;
				INFOPLIST_KEY_UIApplicationSceneManifest_Generation = YES;
				INFOPLIST_KEY_UIApplicationSupportsIndirectInputEvents = YES;
				INFOPLIST_KEY_UILaunchScreen_Generation = YES;
				INFOPLIST_KEY_UISupportedInterfaceOrientations_iPad = "UIInterfaceOrientationPortrait UIInterfaceOrientationPortraitUpsideDown UIInterfaceOrientationLandscapeLeft UIInterfaceOrientationLandscapeRight";
				INFOPLIST_KEY_UISupportedInterfaceOrientations_iPhone = "UIInterfaceOrientationPortrait UIInterfaceOrientationLandscapeLeft UIInterfaceOrientationLandscapeRight";
				LD_RUNPATH_SEARCH_PATHS = (
					"$(inherited)",
					"@executable_path/Frameworks",
				);
				MARKETING_VERSION = 1.0;
				PRODUCT_BUNDLE_IDENTIFIER = com.AppleDeveloperAcademyBinus.NC2;
				PRODUCT_NAME = "$(TARGET_NAME)";
				SWIFT_EMIT_LOC_STRINGS = YES;
				SWIFT_VERSION = 5.0;
				TARGETED_DEVICE_FAMILY = "1,2";
			};
			name = Debug;
		};
		15610F56288A6D160031A3C9 /* Release */ = {
			isa = XCBuildConfiguration;
			buildSettings = {
				ASSETCATALOG_COMPILER_APPICON_NAME = AppIcon;
				ASSETCATALOG_COMPILER_GLOBAL_ACCENT_COLOR_NAME = AccentColor;
				CODE_SIGN_STYLE = Automatic;
				CURRENT_PROJECT_VERSION = 1;
				DEVELOPMENT_ASSET_PATHS = "\"NC2/Preview Content\"";
				DEVELOPMENT_TEAM = BX9VA5G2BF;
				ENABLE_PREVIEWS = YES;
				GENERATE_INFOPLIST_FILE = YES;
				INFOPLIST_KEY_UIApplicationSceneManifest_Generation = YES;
				INFOPLIST_KEY_UIApplicationSupportsIndirectInputEvents = YES;
				INFOPLIST_KEY_UILaunchScreen_Generation = YES;
				INFOPLIST_KEY_UISupportedInterfaceOrientations_iPad = "UIInterfaceOrientationPortrait UIInterfaceOrientationPortraitUpsideDown UIInterfaceOrientationLandscapeLeft UIInterfaceOrientationLandscapeRight";
				INFOPLIST_KEY_UISupportedInterfaceOrientations_iPhone = "UIInterfaceOrientationPortrait UIInterfaceOrientationLandscapeLeft UIInterfaceOrientationLandscapeRight";
				LD_RUNPATH_SEARCH_PATHS = (
					"$(inherited)",
					"@executable_path/Frameworks",
				);
				MARKETING_VERSION = 1.0;
				PRODUCT_BUNDLE_IDENTIFIER = com.AppleDeveloperAcademyBinus.NC2;
				PRODUCT_NAME = "$(TARGET_NAME)";
				SWIFT_EMIT_LOC_STRINGS = YES;
				SWIFT_VERSION = 5.0;
				TARGETED_DEVICE_FAMILY = "1,2";
			};
			name = Release;
		};
/* End XCBuildConfiguration section */

/* Begin XCConfigurationList section */
		15610F41288A6D160031A3C9 /* Build configuration list for PBXProject "NC2" */ = {
			isa = XCConfigurationList;
			buildConfigurations = (
				15610F52288A6D160031A3C9 /* Debug */,
				15610F53288A6D160031A3C9 /* Release */,
			);
			defaultConfigurationIsVisible = 0;
			defaultConfigurationName = Release;
		};
		15610F54288A6D160031A3C9 /* Build configuration list for PBXNativeTarget "NC2" */ = {
			isa = XCConfigurationList;
			buildConfigurations = (
				15610F55288A6D160031A3C9 /* Debug */,
				15610F56288A6D160031A3C9 /* Release */,
			);
			defaultConfigurationIsVisible = 0;
			defaultConfigurationName = Release;
		};
/* End XCConfigurationList section */

/* Begin XCVersionGroup section */
		15610F57288A6D400031A3C9 /* ContentModel.xcdatamodeld */ = {
			isa = XCVersionGroup;
			children = (
				15610F58288A6D400031A3C9 /* ContentModel.xcdatamodel */,
			);
			currentVersion = 15610F58288A6D400031A3C9 /* ContentModel.xcdatamodel */;
			path = ContentModel.xcdatamodeld;
			sourceTree = "<group>";
			versionGroupType = wrapper.xcdatamodel;
		};
/* End XCVersionGroup section */
	};
	rootObject = 15610F3E288A6D160031A3C9 /* Project object */;
}
